
Microsoft Visual Studio Solution File, Format Version 12.00
# Visual Studio 2013
VisualStudioVersion = 12.0.40629.0
MinimumVisualStudioVersion = 10.0.40219.1
Project("{FAE04EC0-301F-11D3-BF4B-00C04F79EFBC}") = "WebApplication1", "WebApplication1\WebApplication1.csproj", "{6523404C-89D0-43DF-8750-9F6B896FB798}"
EndProject
Project("{FAE04EC0-301F-11D3-BF4B-00C04F79EFBC}") = "WebApplication1.Tests", "WebApplication1.Tests\WebApplication1.Tests.csproj", "{05FFC15C-FA2B-4341-9CFF-9D72E19A31BD}"
EndProject
Project("{2150E333-8FDC-42A3-9474-1A3956D46DE8}") = ".nuget", ".nuget", "{1DFD7E9A-CD20-4A18-9656-9209DA6D16E1}"
	ProjectSection(SolutionItems) = preProject
		.nuget\NuGet.Config = .nuget\NuGet.Config
		.nuget\NuGet.exe = .nuget\NuGet.exe
		.nuget\NuGet.targets = .nuget\NuGet.targets
	EndProjectSection
EndProject
Global
	GlobalSection(SolutionConfigurationPlatforms) = preSolution
		Debug|Any CPU = Debug|Any CPU
		Release|Any CPU = Release|Any CPU
		SonarQube|Any CPU = SonarQube|Any CPU
	EndGlobalSection
	GlobalSection(ProjectConfigurationPlatforms) = postSolution
		{6523404C-89D0-43DF-8750-9F6B896FB798}.Debug|Any CPU.ActiveCfg = Debug|Any CPU
		{6523404C-89D0-43DF-8750-9F6B896FB798}.Debug|Any CPU.Build.0 = Debug|Any CPU
		{6523404C-89D0-43DF-8750-9F6B896FB798}.Release|Any CPU.ActiveCfg = Release|Any CPU
		{6523404C-89D0-43DF-8750-9F6B896FB798}.Release|Any CPU.Build.0 = Release|Any CPU
		{6523404C-89D0-43DF-8750-9F6B896FB798}.SonarQube|Any CPU.ActiveCfg = SonarQube|Any CPU
		{6523404C-89D0-43DF-8750-9F6B896FB798}.SonarQube|Any CPU.Build.0 = SonarQube|Any CPU
		{05FFC15C-FA2B-4341-9CFF-9D72E19A31BD}.Debug|Any CPU.ActiveCfg = Debug|Any CPU
		{05FFC15C-FA2B-4341-9CFF-9D72E19A31BD}.Debug|Any CPU.Build.0 = Debug|Any CPU
		{05FFC15C-FA2B-4341-9CFF-9D72E19A31BD}.Release|Any CPU.ActiveCfg = Release|Any CPU
		{05FFC15C-FA2B-4341-9CFF-9D72E19A31BD}.Release|Any CPU.Build.0 = Release|Any CPU
		{05FFC15C-FA2B-4341-9CFF-9D72E19A31BD}.SonarQube|Any CPU.ActiveCfg = SonarQube|Any CPU
		{05FFC15C-FA2B-4341-9CFF-9D72E19A31BD}.SonarQube|Any CPU.Build.0 = SonarQube|Any CPU
	EndGlobalSection
	GlobalSection(SolutionProperties) = preSolution
		HideSolutionNode = FALSE
	EndGlobalSection
EndGlobal
