
Microsoft Visual Studio Solution File, Format Version 12.00
# Visual Studio 15
VisualStudioVersion = 15.0.27130.2027
MinimumVisualStudioVersion = 10.0.40219.1
Project("{FAE04EC0-301F-11D3-BF4B-00C04F79EFBC}") = "Dll1", "Dll1\Dll1.csproj", "{6BEB9964-FAD8-4173-ADD4-CEE9246737D0}"
EndProject
Project("{FAE04EC0-301F-11D3-BF4B-00C04F79EFBC}") = "Calculator.GUI", "Calculator.GUI\Calculator.GUI.csproj", "{29925458-258A-4D34-8231-D2CE09F0E73E}"
EndProject
Global
	GlobalSection(SolutionConfigurationPlatforms) = preSolution
		Debug|Any CPU = Debug|Any CPU
		Release|Any CPU = Release|Any CPU
	EndGlobalSection
	GlobalSection(ProjectConfigurationPlatforms) = postSolution
		{6BEB9964-FAD8-4173-ADD4-CEE9246737D0}.Debug|Any CPU.ActiveCfg = Debug|Any CPU
		{6BEB9964-FAD8-4173-ADD4-CEE9246737D0}.Debug|Any CPU.Build.0 = Debug|Any CPU
		{6BEB9964-FAD8-4173-ADD4-CEE9246737D0}.Release|Any CPU.ActiveCfg = Release|Any CPU
		{6BEB9964-FAD8-4173-ADD4-CEE9246737D0}.Release|Any CPU.Build.0 = Release|Any CPU
		{29925458-258A-4D34-8231-D2CE09F0E73E}.Debug|Any CPU.ActiveCfg = Debug|Any CPU
		{29925458-258A-4D34-8231-D2CE09F0E73E}.Debug|Any CPU.Build.0 = Debug|Any CPU
		{29925458-258A-4D34-8231-D2CE09F0E73E}.Release|Any CPU.ActiveCfg = Release|Any CPU
		{29925458-258A-4D34-8231-D2CE09F0E73E}.Release|Any CPU.Build.0 = Release|Any CPU
	EndGlobalSection
	GlobalSection(SolutionProperties) = preSolution
		HideSolutionNode = FALSE
	EndGlobalSection
	GlobalSection(ExtensibilityGlobals) = postSolution
		SolutionGuid = {D59BF645-2E25-4D80-8863-09B7C18B6397}
	EndGlobalSection
EndGlobal
